
Microsoft Visual Studio Solution File, Format Version 12.00
# Visual Studio 15
VisualStudioVersion = 15.0.28307.329
MinimumVisualStudioVersion = 10.0.40219.1
Project("{FAE04EC0-301F-11D3-BF4B-00C04F79EFBC}") = "StringCalculatorTests", "StringCalculatorTests\StringCalculatorTests.csproj", "{89B90E7C-368C-43C8-87B6-262FDB2E7322}"
EndProject
Project("{FAE04EC0-301F-11D3-BF4B-00C04F79EFBC}") = "StringCalculatorService", "StringCalculatorService\StringCalculatorService.csproj", "{83C9D184-7479-4B1D-BD6F-44A48A858160}"
EndProject
Global
	GlobalSection(SolutionConfigurationPlatforms) = preSolution
		Debug|Any CPU = Debug|Any CPU
		Release|Any CPU = Release|Any CPU
	EndGlobalSection
	GlobalSection(ProjectConfigurationPlatforms) = postSolution
		{89B90E7C-368C-43C8-87B6-262FDB2E7322}.Debug|Any CPU.ActiveCfg = Debug|Any CPU
		{89B90E7C-368C-43C8-87B6-262FDB2E7322}.Debug|Any CPU.Build.0 = Debug|Any CPU
		{89B90E7C-368C-43C8-87B6-262FDB2E7322}.Release|Any CPU.ActiveCfg = Release|Any CPU
		{89B90E7C-368C-43C8-87B6-262FDB2E7322}.Release|Any CPU.Build.0 = Release|Any CPU
		{83C9D184-7479-4B1D-BD6F-44A48A858160}.Debug|Any CPU.ActiveCfg = Debug|Any CPU
		{83C9D184-7479-4B1D-BD6F-44A48A858160}.Debug|Any CPU.Build.0 = Debug|Any CPU
		{83C9D184-7479-4B1D-BD6F-44A48A858160}.Release|Any CPU.ActiveCfg = Release|Any CPU
		{83C9D184-7479-4B1D-BD6F-44A48A858160}.Release|Any CPU.Build.0 = Release|Any CPU
	EndGlobalSection
	GlobalSection(SolutionProperties) = preSolution
		HideSolutionNode = FALSE
	EndGlobalSection
	GlobalSection(ExtensibilityGlobals) = postSolution
		SolutionGuid = {C170C1E6-2188-4F33-91C6-508194C57683}
	EndGlobalSection
EndGlobal
