
Microsoft Visual Studio Solution File, Format Version 12.00
# Visual Studio 15
VisualStudioVersion = 15.0.28307.329
MinimumVisualStudioVersion = 10.0.40219.1
Project("{FAE04EC0-301F-11D3-BF4B-00C04F79EFBC}") = "Fibonacci.Tests", "Fibonacci.Tests\Fibonacci.Tests.csproj", "{4439201C-26E2-4212-B58C-34865E8015D4}"
EndProject
Project("{FAE04EC0-301F-11D3-BF4B-00C04F79EFBC}") = "Fibonacci.Library", "Fibonacci.Library\Fibonacci.Library.csproj", "{131F67E2-EE87-48E7-B305-9FB91F175AA4}"
EndProject
Project("{FAE04EC0-301F-11D3-BF4B-00C04F79EFBC}") = "FibonacciSequenceSeries", "FibonacciSequenceSeries\FibonacciSequenceSeries.csproj", "{F0E6E7D3-400E-440B-AC37-DBA036454D15}"
EndProject
Global
	GlobalSection(SolutionConfigurationPlatforms) = preSolution
		Debug|Any CPU = Debug|Any CPU
		Release|Any CPU = Release|Any CPU
	EndGlobalSection
	GlobalSection(ProjectConfigurationPlatforms) = postSolution
		{4439201C-26E2-4212-B58C-34865E8015D4}.Debug|Any CPU.ActiveCfg = Debug|Any CPU
		{4439201C-26E2-4212-B58C-34865E8015D4}.Debug|Any CPU.Build.0 = Debug|Any CPU
		{4439201C-26E2-4212-B58C-34865E8015D4}.Release|Any CPU.ActiveCfg = Release|Any CPU
		{4439201C-26E2-4212-B58C-34865E8015D4}.Release|Any CPU.Build.0 = Release|Any CPU
		{131F67E2-EE87-48E7-B305-9FB91F175AA4}.Debug|Any CPU.ActiveCfg = Debug|Any CPU
		{131F67E2-EE87-48E7-B305-9FB91F175AA4}.Debug|Any CPU.Build.0 = Debug|Any CPU
		{131F67E2-EE87-48E7-B305-9FB91F175AA4}.Release|Any CPU.ActiveCfg = Release|Any CPU
		{131F67E2-EE87-48E7-B305-9FB91F175AA4}.Release|Any CPU.Build.0 = Release|Any CPU
		{F0E6E7D3-400E-440B-AC37-DBA036454D15}.Debug|Any CPU.ActiveCfg = Debug|Any CPU
		{F0E6E7D3-400E-440B-AC37-DBA036454D15}.Debug|Any CPU.Build.0 = Debug|Any CPU
		{F0E6E7D3-400E-440B-AC37-DBA036454D15}.Release|Any CPU.ActiveCfg = Release|Any CPU
		{F0E6E7D3-400E-440B-AC37-DBA036454D15}.Release|Any CPU.Build.0 = Release|Any CPU
	EndGlobalSection
	GlobalSection(SolutionProperties) = preSolution
		HideSolutionNode = FALSE
	EndGlobalSection
	GlobalSection(ExtensibilityGlobals) = postSolution
		SolutionGuid = {21E9DAE7-1D04-4BEF-8746-3AA3E594DCD6}
	EndGlobalSection
EndGlobal
